
Microsoft Visual Studio Solution File, Format Version 12.00
# Visual Studio Version 16
VisualStudioVersion = 16.0.32802.440
MinimumVisualStudioVersion = 10.0.40219.1
Project("{FAE04EC0-301F-11D3-BF4B-00C04F79EFBC}") = "QLCT", "QLCT\QLCT.csproj", "{EFE67863-ED4F-4D40-A261-B931C5F1A99E}"
EndProject
Project("{9A19103F-16F7-4668-BE54-9A1E7A4F7556}") = "TestDA", "TestDA\TestDA.csproj", "{4E6B3085-DCEC-4FC6-B90B-DB633882BBC7}"
EndProject
Global
	GlobalSection(SolutionConfigurationPlatforms) = preSolution
		Debug|Any CPU = Debug|Any CPU
		Release|Any CPU = Release|Any CPU
	EndGlobalSection
	GlobalSection(ProjectConfigurationPlatforms) = postSolution
		{EFE67863-ED4F-4D40-A261-B931C5F1A99E}.Debug|Any CPU.ActiveCfg = Debug|Any CPU
		{EFE67863-ED4F-4D40-A261-B931C5F1A99E}.Debug|Any CPU.Build.0 = Debug|Any CPU
		{EFE67863-ED4F-4D40-A261-B931C5F1A99E}.Release|Any CPU.ActiveCfg = Release|Any CPU
		{EFE67863-ED4F-4D40-A261-B931C5F1A99E}.Release|Any CPU.Build.0 = Release|Any CPU
		{4E6B3085-DCEC-4FC6-B90B-DB633882BBC7}.Debug|Any CPU.ActiveCfg = Debug|Any CPU
		{4E6B3085-DCEC-4FC6-B90B-DB633882BBC7}.Debug|Any CPU.Build.0 = Debug|Any CPU
		{4E6B3085-DCEC-4FC6-B90B-DB633882BBC7}.Release|Any CPU.ActiveCfg = Release|Any CPU
		{4E6B3085-DCEC-4FC6-B90B-DB633882BBC7}.Release|Any CPU.Build.0 = Release|Any CPU
	EndGlobalSection
	GlobalSection(SolutionProperties) = preSolution
		HideSolutionNode = FALSE
	EndGlobalSection
	GlobalSection(ExtensibilityGlobals) = postSolution
		SolutionGuid = {B83D8CB9-6D29-4AD4-85A3-1F60F9CE5A8A}
	EndGlobalSection
EndGlobal
